{
  "requires": true,
  "lockfileVersion": 1,
  "dependencies": {
    "package": {
      "version": "1.0.1",
      "resolved": "https://registry.npmjs.org/package/-/package-1.0.1.tgz",
      "integrity": "sha1-0lofmeJQbcsn1nBLg9yooxLk7cw="
    },
    "radians": {
      "version": "1.0.0",
      "resolved": "https://registry.npmjs.org/radians/-/radians-1.0.0.tgz",
      "integrity": "sha512-NPQT7N9rAHuSiyXd/+8wmq6+WVYO0sOTRIV2ClR3tSgqzoGrIDIDnBjET9MaKQX8RbLK+kG3Zupjejmvypwehg=="
    },
    "sin": {
      "version": "1.0.0-rc.0",
      "resolved": "https://registry.npmjs.org/sin/-/sin-1.0.0-rc.0.tgz",
      "integrity": "sha512-I1Wf+F1a1L0RAYDJ3+5KB39jMNnUMwRw+OuxEEwHx8WqN8rMhmRa2VwO8temx/UdM1ZRcaOhm+2rVIeuZDUh6A=="
    },
    "tan": {
      "version": "1.2.0",
      "resolved": "https://registry.npmjs.org/tan/-/tan-1.2.0.tgz",
      "integrity": "sha1-MaZaPCwrmlLlJcGSDwYn+EuhOiM="
    }
  }
}
